
Microsoft Visual Studio Solution File, Format Version 12.00
# Visual Studio 15
VisualStudioVersion = 15.0.28307.438
MinimumVisualStudioVersion = 10.0.40219.1
Project("{FAE04EC0-301F-11D3-BF4B-00C04F79EFBC}") = "DEV-9", "DEV-9\DEV-9.csproj", "{0115A34E-09BE-4D90-9047-87E8352C6939}"
EndProject
Project("{FAE04EC0-301F-11D3-BF4B-00C04F79EFBC}") = "DEV-9.Tests", "DEV-9.Tests\DEV-9.Tests.csproj", "{A35CDCDB-3EEE-42FD-B024-37AA46D9B38E}"
EndProject
Global
	GlobalSection(SolutionConfigurationPlatforms) = preSolution
		Debug|Any CPU = Debug|Any CPU
		Release|Any CPU = Release|Any CPU
	EndGlobalSection
	GlobalSection(ProjectConfigurationPlatforms) = postSolution
		{0115A34E-09BE-4D90-9047-87E8352C6939}.Debug|Any CPU.ActiveCfg = Debug|Any CPU
		{0115A34E-09BE-4D90-9047-87E8352C6939}.Debug|Any CPU.Build.0 = Debug|Any CPU
		{0115A34E-09BE-4D90-9047-87E8352C6939}.Release|Any CPU.ActiveCfg = Release|Any CPU
		{0115A34E-09BE-4D90-9047-87E8352C6939}.Release|Any CPU.Build.0 = Release|Any CPU
		{A35CDCDB-3EEE-42FD-B024-37AA46D9B38E}.Debug|Any CPU.ActiveCfg = Debug|Any CPU
		{A35CDCDB-3EEE-42FD-B024-37AA46D9B38E}.Debug|Any CPU.Build.0 = Debug|Any CPU
		{A35CDCDB-3EEE-42FD-B024-37AA46D9B38E}.Release|Any CPU.ActiveCfg = Release|Any CPU
		{A35CDCDB-3EEE-42FD-B024-37AA46D9B38E}.Release|Any CPU.Build.0 = Release|Any CPU
	EndGlobalSection
	GlobalSection(SolutionProperties) = preSolution
		HideSolutionNode = FALSE
	EndGlobalSection
	GlobalSection(ExtensibilityGlobals) = postSolution
		SolutionGuid = {A1E4EA91-26C5-4318-8FE6-22E9D7D1245B}
	EndGlobalSection
EndGlobal
