
Microsoft Visual Studio Solution File, Format Version 12.00
# Visual Studio 15
VisualStudioVersion = 15.0.28307.438
MinimumVisualStudioVersion = 10.0.40219.1
Project("{FAE04EC0-301F-11D3-BF4B-00C04F79EFBC}") = "CW-10", "CW-10\CW-10.csproj", "{034C0BF1-4399-4E17-8345-68CF4C65ABB6}"
EndProject
Global
	GlobalSection(SolutionConfigurationPlatforms) = preSolution
		Debug|Any CPU = Debug|Any CPU
		Release|Any CPU = Release|Any CPU
	EndGlobalSection
	GlobalSection(ProjectConfigurationPlatforms) = postSolution
		{034C0BF1-4399-4E17-8345-68CF4C65ABB6}.Debug|Any CPU.ActiveCfg = Debug|Any CPU
		{034C0BF1-4399-4E17-8345-68CF4C65ABB6}.Debug|Any CPU.Build.0 = Debug|Any CPU
		{034C0BF1-4399-4E17-8345-68CF4C65ABB6}.Release|Any CPU.ActiveCfg = Release|Any CPU
		{034C0BF1-4399-4E17-8345-68CF4C65ABB6}.Release|Any CPU.Build.0 = Release|Any CPU
	EndGlobalSection
	GlobalSection(SolutionProperties) = preSolution
		HideSolutionNode = FALSE
	EndGlobalSection
	GlobalSection(ExtensibilityGlobals) = postSolution
		SolutionGuid = {2D1B9A49-D511-4503-830D-3CB8702E0139}
	EndGlobalSection
EndGlobal
